
Microsoft Visual Studio Solution File, Format Version 12.00
Project("{FAE04EC0-301F-11D3-BF4B-00C04F79EFBC}") = "rotmg-ppe-server", "rotmg-ppe-server\rotmg-ppe-server.csproj", "{BE96B30F-34A4-4BF0-B826-9CFA6A57A547}"
EndProject
Global
	GlobalSection(SolutionConfigurationPlatforms) = preSolution
		Debug|Any CPU = Debug|Any CPU
		Release|Any CPU = Release|Any CPU
	EndGlobalSection
	GlobalSection(ProjectConfigurationPlatforms) = postSolution
		{BE96B30F-34A4-4BF0-B826-9CFA6A57A547}.Debug|Any CPU.ActiveCfg = Debug|Any CPU
		{BE96B30F-34A4-4BF0-B826-9CFA6A57A547}.Debug|Any CPU.Build.0 = Debug|Any CPU
		{BE96B30F-34A4-4BF0-B826-9CFA6A57A547}.Release|Any CPU.ActiveCfg = Release|Any CPU
		{BE96B30F-34A4-4BF0-B826-9CFA6A57A547}.Release|Any CPU.Build.0 = Release|Any CPU
	EndGlobalSection
EndGlobal
